
Microsoft Visual Studio Solution File, Format Version 12.00
# Visual Studio 15
VisualStudioVersion = 15.0.28010.2026
MinimumVisualStudioVersion = 10.0.40219.1
Project("{9A19103F-16F7-4668-BE54-9A1E7A4F7556}") = "Standart.Hash.xxHash", "Standart.Hash.xxHash\Standart.Hash.xxHash.csproj", "{E468CD00-D581-46DD-ADE6-71EFA74AD62E}"
EndProject
Project("{9A19103F-16F7-4668-BE54-9A1E7A4F7556}") = "Standart.Hash.xxHash.Perf", "Standart.Hash.xxHash.Perf\Standart.Hash.xxHash.Perf.csproj", "{7B80269B-1EC4-40B5-8E19-F0A68C4404E5}"
EndProject
Project("{9A19103F-16F7-4668-BE54-9A1E7A4F7556}") = "Standart.Hash.xxHash.Test", "Standart.Hash.xxHash.Test\Standart.Hash.xxHash.Test.csproj", "{0D9506CC-A6A1-4C0C-8827-9AB958942895}"
EndProject
Project("{8BC9CEB8-8B4A-11D0-8D11-00A0C91BC942}") = "Standart.Hash.xxHash.Native", "Standart.Hash.xxHash.Native\Standart.Hash.xxHash.Native.vcxproj", "{5F632D68-EE9D-4985-9A07-0C15330683C4}"
EndProject
Global
	GlobalSection(SolutionConfigurationPlatforms) = preSolution
		Debug|Any CPU = Debug|Any CPU
		Debug|x64 = Debug|x64
		Debug|x86 = Debug|x86
		Release|Any CPU = Release|Any CPU
		Release|x64 = Release|x64
		Release|x86 = Release|x86
	EndGlobalSection
	GlobalSection(ProjectConfigurationPlatforms) = postSolution
		{E468CD00-D581-46DD-ADE6-71EFA74AD62E}.Debug|Any CPU.ActiveCfg = Debug|Any CPU
		{E468CD00-D581-46DD-ADE6-71EFA74AD62E}.Debug|Any CPU.Build.0 = Debug|Any CPU
		{E468CD00-D581-46DD-ADE6-71EFA74AD62E}.Debug|x64.ActiveCfg = Debug|Any CPU
		{E468CD00-D581-46DD-ADE6-71EFA74AD62E}.Debug|x64.Build.0 = Debug|Any CPU
		{E468CD00-D581-46DD-ADE6-71EFA74AD62E}.Debug|x86.ActiveCfg = Debug|Any CPU
		{E468CD00-D581-46DD-ADE6-71EFA74AD62E}.Debug|x86.Build.0 = Debug|Any CPU
		{E468CD00-D581-46DD-ADE6-71EFA74AD62E}.Release|Any CPU.ActiveCfg = Release|Any CPU
		{E468CD00-D581-46DD-ADE6-71EFA74AD62E}.Release|Any CPU.Build.0 = Release|Any CPU
		{E468CD00-D581-46DD-ADE6-71EFA74AD62E}.Release|x64.ActiveCfg = Release|Any CPU
		{E468CD00-D581-46DD-ADE6-71EFA74AD62E}.Release|x64.Build.0 = Release|Any CPU
		{E468CD00-D581-46DD-ADE6-71EFA74AD62E}.Release|x86.ActiveCfg = Release|Any CPU
		{E468CD00-D581-46DD-ADE6-71EFA74AD62E}.Release|x86.Build.0 = Release|Any CPU
		{7B80269B-1EC4-40B5-8E19-F0A68C4404E5}.Debug|Any CPU.ActiveCfg = Debug|Any CPU
		{7B80269B-1EC4-40B5-8E19-F0A68C4404E5}.Debug|Any CPU.Build.0 = Debug|Any CPU
		{7B80269B-1EC4-40B5-8E19-F0A68C4404E5}.Debug|x64.ActiveCfg = Debug|Any CPU
		{7B80269B-1EC4-40B5-8E19-F0A68C4404E5}.Debug|x64.Build.0 = Debug|Any CPU
		{7B80269B-1EC4-40B5-8E19-F0A68C4404E5}.Debug|x86.ActiveCfg = Debug|Any CPU
		{7B80269B-1EC4-40B5-8E19-F0A68C4404E5}.Debug|x86.Build.0 = Debug|Any CPU
		{7B80269B-1EC4-40B5-8E19-F0A68C4404E5}.Release|Any CPU.ActiveCfg = Release|Any CPU
		{7B80269B-1EC4-40B5-8E19-F0A68C4404E5}.Release|Any CPU.Build.0 = Release|Any CPU
		{7B80269B-1EC4-40B5-8E19-F0A68C4404E5}.Release|x64.ActiveCfg = Release|Any CPU
		{7B80269B-1EC4-40B5-8E19-F0A68C4404E5}.Release|x64.Build.0 = Release|Any CPU
		{7B80269B-1EC4-40B5-8E19-F0A68C4404E5}.Release|x86.ActiveCfg = Release|Any CPU
		{7B80269B-1EC4-40B5-8E19-F0A68C4404E5}.Release|x86.Build.0 = Release|Any CPU
		{0D9506CC-A6A1-4C0C-8827-9AB958942895}.Debug|Any CPU.ActiveCfg = Debug|Any CPU
		{0D9506CC-A6A1-4C0C-8827-9AB958942895}.Debug|Any CPU.Build.0 = Debug|Any CPU
		{0D9506CC-A6A1-4C0C-8827-9AB958942895}.Debug|x64.ActiveCfg = Debug|Any CPU
		{0D9506CC-A6A1-4C0C-8827-9AB958942895}.Debug|x64.Build.0 = Debug|Any CPU
		{0D9506CC-A6A1-4C0C-8827-9AB958942895}.Debug|x86.ActiveCfg = Debug|Any CPU
		{0D9506CC-A6A1-4C0C-8827-9AB958942895}.Debug|x86.Build.0 = Debug|Any CPU
		{0D9506CC-A6A1-4C0C-8827-9AB958942895}.Release|Any CPU.ActiveCfg = Release|Any CPU
		{0D9506CC-A6A1-4C0C-8827-9AB958942895}.Release|Any CPU.Build.0 = Release|Any CPU
		{0D9506CC-A6A1-4C0C-8827-9AB958942895}.Release|x64.ActiveCfg = Release|Any CPU
		{0D9506CC-A6A1-4C0C-8827-9AB958942895}.Release|x64.Build.0 = Release|Any CPU
		{0D9506CC-A6A1-4C0C-8827-9AB958942895}.Release|x86.ActiveCfg = Release|Any CPU
		{0D9506CC-A6A1-4C0C-8827-9AB958942895}.Release|x86.Build.0 = Release|Any CPU
		{5F632D68-EE9D-4985-9A07-0C15330683C4}.Debug|Any CPU.ActiveCfg = Debug|Win32
		{5F632D68-EE9D-4985-9A07-0C15330683C4}.Debug|x64.ActiveCfg = Debug|x64
		{5F632D68-EE9D-4985-9A07-0C15330683C4}.Debug|x64.Build.0 = Debug|x64
		{5F632D68-EE9D-4985-9A07-0C15330683C4}.Debug|x86.ActiveCfg = Debug|Win32
		{5F632D68-EE9D-4985-9A07-0C15330683C4}.Debug|x86.Build.0 = Debug|Win32
		{5F632D68-EE9D-4985-9A07-0C15330683C4}.Release|Any CPU.ActiveCfg = Release|Win32
		{5F632D68-EE9D-4985-9A07-0C15330683C4}.Release|x64.ActiveCfg = Release|x64
		{5F632D68-EE9D-4985-9A07-0C15330683C4}.Release|x64.Build.0 = Release|x64
		{5F632D68-EE9D-4985-9A07-0C15330683C4}.Release|x86.ActiveCfg = Release|Win32
		{5F632D68-EE9D-4985-9A07-0C15330683C4}.Release|x86.Build.0 = Release|Win32
	EndGlobalSection
	GlobalSection(SolutionProperties) = preSolution
		HideSolutionNode = FALSE
	EndGlobalSection
	GlobalSection(ExtensibilityGlobals) = postSolution
		SolutionGuid = {1D5A6F76-CAC8-47F3-B0CE-82C847FAFDF9}
	EndGlobalSection
EndGlobal
